
Microsoft Visual Studio Solution File, Format Version 11.00
# Visual Studio 2010
Project("{8BC9CEB8-8B4A-11D0-8D11-00A0C91BC942}") = "FlickStat", "FlickStat\FlickStat.vcxproj", "{5DFD0AEC-795A-4375-8BCE-7582AE417517}"
EndProject
Project("{8BC9CEB8-8B4A-11D0-8D11-00A0C91BC942}") = "Downloader", "TestApp\TestApp.vcxproj", "{2AF56FB1-4F7E-4429-834E-68B9368A7553}"
EndProject
Project("{8BC9CEB8-8B4A-11D0-8D11-00A0C91BC942}") = "calc-proc", "calc-proc\calc-proc.vcxproj", "{EAB704A6-1F75-4A9D-82B2-E2AFB6F1DD22}"
EndProject
Project("{8BC9CEB8-8B4A-11D0-8D11-00A0C91BC942}") = "self-train", "self-train\self-train.vcxproj", "{D39B8154-83B4-4C8F-9C6E-EEC2E603C690}"
EndProject
Project("{8BC9CEB8-8B4A-11D0-8D11-00A0C91BC942}") = "fs-self-train", "fs-self-train\fs-self-train.vcxproj", "{C2C1F491-4B8B-4BB3-B15A-696232D4D8C6}"
EndProject
Project("{8BC9CEB8-8B4A-11D0-8D11-00A0C91BC942}") = "comp-kernel", "comp-kernel\comp-kernel.vcxproj", "{4D776E6D-C447-47D1-8899-AD95794D9233}"
EndProject
Project("{8BC9CEB8-8B4A-11D0-8D11-00A0C91BC942}") = "co-train", "co-train\co-train.vcxproj", "{5BED9786-763F-4F51-9648-5D9015891E14}"
EndProject
Global
	GlobalSection(SolutionConfigurationPlatforms) = preSolution
		Debug|Win32 = Debug|Win32
		Release|Win32 = Release|Win32
	EndGlobalSection
	GlobalSection(ProjectConfigurationPlatforms) = postSolution
		{5DFD0AEC-795A-4375-8BCE-7582AE417517}.Debug|Win32.ActiveCfg = Debug|Win32
		{5DFD0AEC-795A-4375-8BCE-7582AE417517}.Debug|Win32.Build.0 = Debug|Win32
		{5DFD0AEC-795A-4375-8BCE-7582AE417517}.Release|Win32.ActiveCfg = Release|Win32
		{5DFD0AEC-795A-4375-8BCE-7582AE417517}.Release|Win32.Build.0 = Release|Win32
		{2AF56FB1-4F7E-4429-834E-68B9368A7553}.Debug|Win32.ActiveCfg = Debug|Win32
		{2AF56FB1-4F7E-4429-834E-68B9368A7553}.Debug|Win32.Build.0 = Debug|Win32
		{2AF56FB1-4F7E-4429-834E-68B9368A7553}.Release|Win32.ActiveCfg = Release|Win32
		{2AF56FB1-4F7E-4429-834E-68B9368A7553}.Release|Win32.Build.0 = Release|Win32
		{EAB704A6-1F75-4A9D-82B2-E2AFB6F1DD22}.Debug|Win32.ActiveCfg = Debug|Win32
		{EAB704A6-1F75-4A9D-82B2-E2AFB6F1DD22}.Debug|Win32.Build.0 = Debug|Win32
		{EAB704A6-1F75-4A9D-82B2-E2AFB6F1DD22}.Release|Win32.ActiveCfg = Release|Win32
		{EAB704A6-1F75-4A9D-82B2-E2AFB6F1DD22}.Release|Win32.Build.0 = Release|Win32
		{D39B8154-83B4-4C8F-9C6E-EEC2E603C690}.Debug|Win32.ActiveCfg = Debug|Win32
		{D39B8154-83B4-4C8F-9C6E-EEC2E603C690}.Debug|Win32.Build.0 = Debug|Win32
		{D39B8154-83B4-4C8F-9C6E-EEC2E603C690}.Release|Win32.ActiveCfg = Release|Win32
		{D39B8154-83B4-4C8F-9C6E-EEC2E603C690}.Release|Win32.Build.0 = Release|Win32
		{C2C1F491-4B8B-4BB3-B15A-696232D4D8C6}.Debug|Win32.ActiveCfg = Debug|Win32
		{C2C1F491-4B8B-4BB3-B15A-696232D4D8C6}.Debug|Win32.Build.0 = Debug|Win32
		{C2C1F491-4B8B-4BB3-B15A-696232D4D8C6}.Release|Win32.ActiveCfg = Release|Win32
		{C2C1F491-4B8B-4BB3-B15A-696232D4D8C6}.Release|Win32.Build.0 = Release|Win32
		{4D776E6D-C447-47D1-8899-AD95794D9233}.Debug|Win32.ActiveCfg = Debug|Win32
		{4D776E6D-C447-47D1-8899-AD95794D9233}.Debug|Win32.Build.0 = Debug|Win32
		{4D776E6D-C447-47D1-8899-AD95794D9233}.Release|Win32.ActiveCfg = Release|Win32
		{4D776E6D-C447-47D1-8899-AD95794D9233}.Release|Win32.Build.0 = Release|Win32
		{5BED9786-763F-4F51-9648-5D9015891E14}.Debug|Win32.ActiveCfg = Debug|Win32
		{5BED9786-763F-4F51-9648-5D9015891E14}.Debug|Win32.Build.0 = Debug|Win32
		{5BED9786-763F-4F51-9648-5D9015891E14}.Release|Win32.ActiveCfg = Release|Win32
		{5BED9786-763F-4F51-9648-5D9015891E14}.Release|Win32.Build.0 = Release|Win32
	EndGlobalSection
	GlobalSection(SolutionProperties) = preSolution
		HideSolutionNode = FALSE
	EndGlobalSection
EndGlobal
